// !$*UTF8*$!
{
	archiveVersion = 1;
	classes = {
	};
	objectVersion = 51;
	objects = {

/* Begin PBXBuildFile section */
		422095F926B8116E004A87A9 /* UIImageView+Kingfisher.swift in Sources */ = {isa = PBXBuildFile; fileRef = 422095F826B8116E004A87A9 /* UIImageView+Kingfisher.swift */; };
		4231D90526B7401A006DB234 /* Constant.swift in Sources */ = {isa = PBXBuildFile; fileRef = 4231D90426B7401A006DB234 /* Constant.swift */; };
		42761DE826B1A96E000C8E49 /* ReviewsResponse.swift in Sources */ = {isa = PBXBuildFile; fileRef = 42761DE726B1A96E000C8E49 /* ReviewsResponse.swift */; };
		42DB345A26B445AD00EC8588 /* AuthStorage.swift in Sources */ = {isa = PBXBuildFile; fileRef = 42DB345926B445AD00EC8588 /* AuthStorage.swift */; };
		42E996BD26AC4D2F00CD2B9A /* Networking.swift in Sources */ = {isa = PBXBuildFile; fileRef = 42E996BC26AC4D2F00CD2B9A /* Networking.swift */; };
		42E996C426AC554D00CD2B9A /* ShowsResponse.swift in Sources */ = {isa = PBXBuildFile; fileRef = 42E996C326AC554D00CD2B9A /* ShowsResponse.swift */; };
		42E996C826AC6AD800CD2B9A /* AuthInfo.swift in Sources */ = {isa = PBXBuildFile; fileRef = 42E996C726AC6AD800CD2B9A /* AuthInfo.swift */; };
		42E996CA26AC7B0B00CD2B9A /* HomeViewController.storyboard in Resources */ = {isa = PBXBuildFile; fileRef = 42E996C526AC599700CD2B9A /* HomeViewController.storyboard */; };
		42E996CB26AC83C200CD2B9A /* HomeViewController.swift in Sources */ = {isa = PBXBuildFile; fileRef = 427F8BFF26AB27B300F72F98 /* HomeViewController.swift */; };
		42EC85FE26B04F6100B375D1 /* MyAccountViewController.swift in Sources */ = {isa = PBXBuildFile; fileRef = 42EC85FD26B04F6100B375D1 /* MyAccountViewController.swift */; };
		42EC860026B0500A00B375D1 /* MyAccountViewController.storyboard in Resources */ = {isa = PBXBuildFile; fileRef = 42EC85FF26B0500A00B375D1 /* MyAccountViewController.storyboard */; };
		42EC860226B0591A00B375D1 /* ShowDetailsViewController.swift in Sources */ = {isa = PBXBuildFile; fileRef = 42EC860126B0591A00B375D1 /* ShowDetailsViewController.swift */; };
		42EC860426B059A400B375D1 /* ShowDetailsViewController.storyboard in Resources */ = {isa = PBXBuildFile; fileRef = 42EC860326B059A400B375D1 /* ShowDetailsViewController.storyboard */; };
		42EC860926B0630B00B375D1 /* ShowBasicInfoTableCell.swift in Sources */ = {isa = PBXBuildFile; fileRef = 42EC860726B0630B00B375D1 /* ShowBasicInfoTableCell.swift */; };
		42EC860A26B0630B00B375D1 /* ShowBasicInfoTableCell.xib in Resources */ = {isa = PBXBuildFile; fileRef = 42EC860826B0630B00B375D1 /* ShowBasicInfoTableCell.xib */; };
		42EC860D26B08C0D00B375D1 /* ShowReviewTableCell.swift in Sources */ = {isa = PBXBuildFile; fileRef = 42EC860B26B08C0D00B375D1 /* ShowReviewTableCell.swift */; };
		42EC860E26B08C0D00B375D1 /* ShowReviewTableCell.xib in Resources */ = {isa = PBXBuildFile; fileRef = 42EC860C26B08C0D00B375D1 /* ShowReviewTableCell.xib */; };
		42EC861026B0942100B375D1 /* WriteAReviewViewController.swift in Sources */ = {isa = PBXBuildFile; fileRef = 42EC860F26B0942100B375D1 /* WriteAReviewViewController.swift */; };
		42EC861226B094BC00B375D1 /* WriteAReviewViewController.storyboard in Resources */ = {isa = PBXBuildFile; fileRef = 42EC861126B094BC00B375D1 /* WriteAReviewViewController.storyboard */; };
		42ED01AE26975F8D0054DFC1 /* AppDelegate.swift in Sources */ = {isa = PBXBuildFile; fileRef = 42ED01AD26975F8D0054DFC1 /* AppDelegate.swift */; };
		42ED01B726975F8E0054DFC1 /* Assets.xcassets in Resources */ = {isa = PBXBuildFile; fileRef = 42ED01B626975F8E0054DFC1 /* Assets.xcassets */; };
		42ED01BA26975F8E0054DFC1 /* LaunchScreen.storyboard in Resources */ = {isa = PBXBuildFile; fileRef = 42ED01B826975F8E0054DFC1 /* LaunchScreen.storyboard */; };
		42F1398826A1E3B800FC119D /* UsersResponse.swift in Sources */ = {isa = PBXBuildFile; fileRef = 42F1398726A1E3B800FC119D /* UsersResponse.swift */; };
		42FDF1C726A86DF100421227 /* LoginViewController.storyboard in Resources */ = {isa = PBXBuildFile; fileRef = 423D4C522698E5B30098B462 /* LoginViewController.storyboard */; };
		42FDF1C826A86DF600421227 /* LoginViewController.swift in Sources */ = {isa = PBXBuildFile; fileRef = 423D4C562698E8460098B462 /* LoginViewController.swift */; };
		71B74A1A3B45097C4CC73EE9 /* Pods_TV_Shows.framework in Frameworks */ = {isa = PBXBuildFile; fileRef = C0C8D0350A3F516F7A669051 /* Pods_TV_Shows.framework */; };
/* End PBXBuildFile section */

/* Begin PBXFileReference section */
		422095F826B8116E004A87A9 /* UIImageView+Kingfisher.swift */ = {isa = PBXFileReference; lastKnownFileType = sourcecode.swift; path = "UIImageView+Kingfisher.swift"; sourceTree = "<group>"; };
		4231D90426B7401A006DB234 /* Constant.swift */ = {isa = PBXFileReference; lastKnownFileType = sourcecode.swift; path = Constant.swift; sourceTree = "<group>"; };
		423D4C522698E5B30098B462 /* LoginViewController.storyboard */ = {isa = PBXFileReference; lastKnownFileType = file.storyboard; path = LoginViewController.storyboard; sourceTree = "<group>"; };
		423D4C562698E8460098B462 /* LoginViewController.swift */ = {isa = PBXFileReference; lastKnownFileType = sourcecode.swift; path = LoginViewController.swift; sourceTree = "<group>"; };
		424F7EA526ACC62A00FB9DEA /* Info.plist */ = {isa = PBXFileReference; fileEncoding = 4; lastKnownFileType = text.plist.xml; path = Info.plist; sourceTree = "<group>"; };
		42761DE726B1A96E000C8E49 /* ReviewsResponse.swift */ = {isa = PBXFileReference; lastKnownFileType = sourcecode.swift; path = ReviewsResponse.swift; sourceTree = "<group>"; };
		427F8BFF26AB27B300F72F98 /* HomeViewController.swift */ = {isa = PBXFileReference; lastKnownFileType = sourcecode.swift; path = HomeViewController.swift; sourceTree = "<group>"; };
		42DB345926B445AD00EC8588 /* AuthStorage.swift */ = {isa = PBXFileReference; lastKnownFileType = sourcecode.swift; path = AuthStorage.swift; sourceTree = "<group>"; };
		42E996BC26AC4D2F00CD2B9A /* Networking.swift */ = {isa = PBXFileReference; lastKnownFileType = sourcecode.swift; path = Networking.swift; sourceTree = "<group>"; };
		42E996C326AC554D00CD2B9A /* ShowsResponse.swift */ = {isa = PBXFileReference; lastKnownFileType = sourcecode.swift; path = ShowsResponse.swift; sourceTree = "<group>"; };
		42E996C526AC599700CD2B9A /* HomeViewController.storyboard */ = {isa = PBXFileReference; lastKnownFileType = file.storyboard; path = HomeViewController.storyboard; sourceTree = "<group>"; };
		42E996C726AC6AD800CD2B9A /* AuthInfo.swift */ = {isa = PBXFileReference; lastKnownFileType = sourcecode.swift; path = AuthInfo.swift; sourceTree = "<group>"; };
		42EC85FD26B04F6100B375D1 /* MyAccountViewController.swift */ = {isa = PBXFileReference; lastKnownFileType = sourcecode.swift; path = MyAccountViewController.swift; sourceTree = "<group>"; };
		42EC85FF26B0500A00B375D1 /* MyAccountViewController.storyboard */ = {isa = PBXFileReference; lastKnownFileType = file.storyboard; path = MyAccountViewController.storyboard; sourceTree = "<group>"; };
		42EC860126B0591A00B375D1 /* ShowDetailsViewController.swift */ = {isa = PBXFileReference; lastKnownFileType = sourcecode.swift; path = ShowDetailsViewController.swift; sourceTree = "<group>"; };
		42EC860326B059A400B375D1 /* ShowDetailsViewController.storyboard */ = {isa = PBXFileReference; lastKnownFileType = file.storyboard; path = ShowDetailsViewController.storyboard; sourceTree = "<group>"; };
		42EC860726B0630B00B375D1 /* ShowBasicInfoTableCell.swift */ = {isa = PBXFileReference; lastKnownFileType = sourcecode.swift; path = ShowBasicInfoTableCell.swift; sourceTree = "<group>"; };
		42EC860826B0630B00B375D1 /* ShowBasicInfoTableCell.xib */ = {isa = PBXFileReference; lastKnownFileType = file.xib; path = ShowBasicInfoTableCell.xib; sourceTree = "<group>"; };
		42EC860B26B08C0D00B375D1 /* ShowReviewTableCell.swift */ = {isa = PBXFileReference; lastKnownFileType = sourcecode.swift; path = ShowReviewTableCell.swift; sourceTree = "<group>"; };
		42EC860C26B08C0D00B375D1 /* ShowReviewTableCell.xib */ = {isa = PBXFileReference; lastKnownFileType = file.xib; path = ShowReviewTableCell.xib; sourceTree = "<group>"; };
		42EC860F26B0942100B375D1 /* WriteAReviewViewController.swift */ = {isa = PBXFileReference; lastKnownFileType = sourcecode.swift; path = WriteAReviewViewController.swift; sourceTree = "<group>"; };
		42EC861126B094BC00B375D1 /* WriteAReviewViewController.storyboard */ = {isa = PBXFileReference; lastKnownFileType = file.storyboard; path = WriteAReviewViewController.storyboard; sourceTree = "<group>"; };
		42ED01AA26975F8D0054DFC1 /* TV Shows.app */ = {isa = PBXFileReference; explicitFileType = wrapper.application; includeInIndex = 0; path = "TV Shows.app"; sourceTree = BUILT_PRODUCTS_DIR; };
		42ED01AD26975F8D0054DFC1 /* AppDelegate.swift */ = {isa = PBXFileReference; lastKnownFileType = sourcecode.swift; path = AppDelegate.swift; sourceTree = "<group>"; };
		42ED01B626975F8E0054DFC1 /* Assets.xcassets */ = {isa = PBXFileReference; lastKnownFileType = folder.assetcatalog; path = Assets.xcassets; sourceTree = "<group>"; };
		42ED01B926975F8E0054DFC1 /* Base */ = {isa = PBXFileReference; lastKnownFileType = file.storyboard; name = Base; path = Base.lproj/LaunchScreen.storyboard; sourceTree = "<group>"; };
		42F1398726A1E3B800FC119D /* UsersResponse.swift */ = {isa = PBXFileReference; lastKnownFileType = sourcecode.swift; path = UsersResponse.swift; sourceTree = "<group>"; };
		9B2779FFA6AA5EAA99629414 /* Pods-TV Shows.release.xcconfig */ = {isa = PBXFileReference; includeInIndex = 1; lastKnownFileType = text.xcconfig; name = "Pods-TV Shows.release.xcconfig"; path = "Target Support Files/Pods-TV Shows/Pods-TV Shows.release.xcconfig"; sourceTree = "<group>"; };
		C0C8D0350A3F516F7A669051 /* Pods_TV_Shows.framework */ = {isa = PBXFileReference; explicitFileType = wrapper.framework; includeInIndex = 0; path = Pods_TV_Shows.framework; sourceTree = BUILT_PRODUCTS_DIR; };
		FCDCEBAAC4868B76B85282C0 /* Pods-TV Shows.debug.xcconfig */ = {isa = PBXFileReference; includeInIndex = 1; lastKnownFileType = text.xcconfig; name = "Pods-TV Shows.debug.xcconfig"; path = "Target Support Files/Pods-TV Shows/Pods-TV Shows.debug.xcconfig"; sourceTree = "<group>"; };
/* End PBXFileReference section */

/* Begin PBXFrameworksBuildPhase section */
		42ED01A726975F8D0054DFC1 /* Frameworks */ = {
			isa = PBXFrameworksBuildPhase;
			buildActionMask = 2147483647;
			files = (
				71B74A1A3B45097C4CC73EE9 /* Pods_TV_Shows.framework in Frameworks */,
			);
			runOnlyForDeploymentPostprocessing = 0;
		};
/* End PBXFrameworksBuildPhase section */

/* Begin PBXGroup section */
		423D4C4F2698E51E0098B462 /* Controller */ = {
			isa = PBXGroup;
			children = (
				423D4C562698E8460098B462 /* LoginViewController.swift */,
				427F8BFF26AB27B300F72F98 /* HomeViewController.swift */,
				42EC85FD26B04F6100B375D1 /* MyAccountViewController.swift */,
				42EC860126B0591A00B375D1 /* ShowDetailsViewController.swift */,
				42EC860726B0630B00B375D1 /* ShowBasicInfoTableCell.swift */,
				42EC860B26B08C0D00B375D1 /* ShowReviewTableCell.swift */,
				42EC860F26B0942100B375D1 /* WriteAReviewViewController.swift */,
			);
			path = Controller;
			sourceTree = "<group>";
		};
		42E996BE26AC4D4400CD2B9A /* Model */ = {
			isa = PBXGroup;
			children = (
				42F1398726A1E3B800FC119D /* UsersResponse.swift */,
				42E996C726AC6AD800CD2B9A /* AuthInfo.swift */,
				42DB345926B445AD00EC8588 /* AuthStorage.swift */,
				42E996BC26AC4D2F00CD2B9A /* Networking.swift */,
				422095F826B8116E004A87A9 /* UIImageView+Kingfisher.swift */,
				42E996C326AC554D00CD2B9A /* ShowsResponse.swift */,
				42761DE726B1A96E000C8E49 /* ReviewsResponse.swift */,
			);
			path = Model;
			sourceTree = "<group>";
		};
		42E996C126AC50C300CD2B9A /* View */ = {
			isa = PBXGroup;
			children = (
				423D4C522698E5B30098B462 /* LoginViewController.storyboard */,
				42E996C526AC599700CD2B9A /* HomeViewController.storyboard */,
				42EC85FF26B0500A00B375D1 /* MyAccountViewController.storyboard */,
				42EC860326B059A400B375D1 /* ShowDetailsViewController.storyboard */,
				42EC860826B0630B00B375D1 /* ShowBasicInfoTableCell.xib */,
				42EC860C26B08C0D00B375D1 /* ShowReviewTableCell.xib */,
				42EC861126B094BC00B375D1 /* WriteAReviewViewController.storyboard */,
			);
			path = View;
			sourceTree = "<group>";
		};
		42E996C226AC50F400CD2B9A /* Supporting Files */ = {
			isa = PBXGroup;
			children = (
				4231D90426B7401A006DB234 /* Constant.swift */,
				42ED01AD26975F8D0054DFC1 /* AppDelegate.swift */,
				42ED01B626975F8E0054DFC1 /* Assets.xcassets */,
				42ED01B826975F8E0054DFC1 /* LaunchScreen.storyboard */,
				424F7EA526ACC62A00FB9DEA /* Info.plist */,
			);
			path = "Supporting Files";
			sourceTree = "<group>";
		};
		42ED01A126975F8D0054DFC1 = {
			isa = PBXGroup;
			children = (
				42ED01AC26975F8D0054DFC1 /* TV Shows */,
				42ED01AB26975F8D0054DFC1 /* Products */,
				8CB6843F84078DFED7AC36BB /* Pods */,
				4B5FC2C5D63609BDE0B3D877 /* Frameworks */,
			);
			sourceTree = "<group>";
		};
		42ED01AB26975F8D0054DFC1 /* Products */ = {
			isa = PBXGroup;
			children = (
				42ED01AA26975F8D0054DFC1 /* TV Shows.app */,
			);
			name = Products;
			sourceTree = "<group>";
		};
		42ED01AC26975F8D0054DFC1 /* TV Shows */ = {
			isa = PBXGroup;
			children = (
				42E996BE26AC4D4400CD2B9A /* Model */,
				423D4C4F2698E51E0098B462 /* Controller */,
				42E996C126AC50C300CD2B9A /* View */,
				42E996C226AC50F400CD2B9A /* Supporting Files */,
			);
			path = "TV Shows";
			sourceTree = "<group>";
		};
		4B5FC2C5D63609BDE0B3D877 /* Frameworks */ = {
			isa = PBXGroup;
			children = (
				C0C8D0350A3F516F7A669051 /* Pods_TV_Shows.framework */,
			);
			name = Frameworks;
			sourceTree = "<group>";
		};
		8CB6843F84078DFED7AC36BB /* Pods */ = {
			isa = PBXGroup;
			children = (
				FCDCEBAAC4868B76B85282C0 /* Pods-TV Shows.debug.xcconfig */,
				9B2779FFA6AA5EAA99629414 /* Pods-TV Shows.release.xcconfig */,
			);
			path = Pods;
			sourceTree = "<group>";
		};
/* End PBXGroup section */

/* Begin PBXNativeTarget section */
		42ED01A926975F8D0054DFC1 /* TV Shows */ = {
			isa = PBXNativeTarget;
			buildConfigurationList = 42ED01BE26975F8E0054DFC1 /* Build configuration list for PBXNativeTarget "TV Shows" */;
			buildPhases = (
				2E1E5FCB5842ACE533AE722F /* [CP] Check Pods Manifest.lock */,
				42ED01A626975F8D0054DFC1 /* Sources */,
				42ED01A726975F8D0054DFC1 /* Frameworks */,
				42ED01A826975F8D0054DFC1 /* Resources */,
				2759E0E927622956580E531C /* [CP] Embed Pods Frameworks */,
			);
			buildRules = (
			);
			dependencies = (
			);
			name = "TV Shows";
			productName = "TV Shows";
			productReference = 42ED01AA26975F8D0054DFC1 /* TV Shows.app */;
			productType = "com.apple.product-type.application";
		};
/* End PBXNativeTarget section */

/* Begin PBXProject section */
		42ED01A226975F8D0054DFC1 /* Project object */ = {
			isa = PBXProject;
			attributes = {
				LastSwiftUpdateCheck = 1250;
				LastUpgradeCheck = 1250;
				TargetAttributes = {
					42ED01A926975F8D0054DFC1 = {
						CreatedOnToolsVersion = 12.5.1;
					};
				};
			};
			buildConfigurationList = 42ED01A526975F8D0054DFC1 /* Build configuration list for PBXProject "TV Shows" */;
			compatibilityVersion = "Xcode 9.3";
			developmentRegion = en;
			hasScannedForEncodings = 0;
			knownRegions = (
				en,
				Base,
			);
			mainGroup = 42ED01A126975F8D0054DFC1;
			productRefGroup = 42ED01AB26975F8D0054DFC1 /* Products */;
			projectDirPath = "";
			projectRoot = "";
			targets = (
				42ED01A926975F8D0054DFC1 /* TV Shows */,
			);
		};
/* End PBXProject section */

/* Begin PBXResourcesBuildPhase section */
		42ED01A826975F8D0054DFC1 /* Resources */ = {
			isa = PBXResourcesBuildPhase;
			buildActionMask = 2147483647;
			files = (
				42EC860026B0500A00B375D1 /* MyAccountViewController.storyboard in Resources */,
				42EC860E26B08C0D00B375D1 /* ShowReviewTableCell.xib in Resources */,
				42EC861226B094BC00B375D1 /* WriteAReviewViewController.storyboard in Resources */,
				42EC860426B059A400B375D1 /* ShowDetailsViewController.storyboard in Resources */,
				42FDF1C726A86DF100421227 /* LoginViewController.storyboard in Resources */,
				42ED01BA26975F8E0054DFC1 /* LaunchScreen.storyboard in Resources */,
				42EC860A26B0630B00B375D1 /* ShowBasicInfoTableCell.xib in Resources */,
				42ED01B726975F8E0054DFC1 /* Assets.xcassets in Resources */,
				42E996CA26AC7B0B00CD2B9A /* HomeViewController.storyboard in Resources */,
			);
			runOnlyForDeploymentPostprocessing = 0;
		};
/* End PBXResourcesBuildPhase section */

/* Begin PBXShellScriptBuildPhase section */
		2759E0E927622956580E531C /* [CP] Embed Pods Frameworks */ = {
			isa = PBXShellScriptBuildPhase;
			buildActionMask = 2147483647;
			files = (
			);
			inputFileListPaths = (
				"${PODS_ROOT}/Target Support Files/Pods-TV Shows/Pods-TV Shows-frameworks-${CONFIGURATION}-input-files.xcfilelist",
			);
			name = "[CP] Embed Pods Frameworks";
			outputFileListPaths = (
				"${PODS_ROOT}/Target Support Files/Pods-TV Shows/Pods-TV Shows-frameworks-${CONFIGURATION}-output-files.xcfilelist",
			);
			runOnlyForDeploymentPostprocessing = 0;
			shellPath = /bin/sh;
			shellScript = "\"${PODS_ROOT}/Target Support Files/Pods-TV Shows/Pods-TV Shows-frameworks.sh\"\n";
			showEnvVarsInLog = 0;
		};
		2E1E5FCB5842ACE533AE722F /* [CP] Check Pods Manifest.lock */ = {
			isa = PBXShellScriptBuildPhase;
			buildActionMask = 2147483647;
			files = (
			);
			inputFileListPaths = (
			);
			inputPaths = (
				"${PODS_PODFILE_DIR_PATH}/Podfile.lock",
				"${PODS_ROOT}/Manifest.lock",
			);
			name = "[CP] Check Pods Manifest.lock";
			outputFileListPaths = (
			);
			outputPaths = (
				"$(DERIVED_FILE_DIR)/Pods-TV Shows-checkManifestLockResult.txt",
			);
			runOnlyForDeploymentPostprocessing = 0;
			shellPath = /bin/sh;
			shellScript = "diff \"${PODS_PODFILE_DIR_PATH}/Podfile.lock\" \"${PODS_ROOT}/Manifest.lock\" > /dev/null\nif [ $? != 0 ] ; then\n    # print error to STDERR\n    echo \"error: The sandbox is not in sync with the Podfile.lock. Run 'pod install' or update your CocoaPods installation.\" >&2\n    exit 1\nfi\n# This output is used by Xcode 'outputs' to avoid re-running this script phase.\necho \"SUCCESS\" > \"${SCRIPT_OUTPUT_FILE_0}\"\n";
			showEnvVarsInLog = 0;
		};
/* End PBXShellScriptBuildPhase section */

/* Begin PBXSourcesBuildPhase section */
		42ED01A626975F8D0054DFC1 /* Sources */ = {
			isa = PBXSourcesBuildPhase;
			buildActionMask = 2147483647;
			files = (
				42E996BD26AC4D2F00CD2B9A /* Networking.swift in Sources */,
				42EC85FE26B04F6100B375D1 /* MyAccountViewController.swift in Sources */,
				42FDF1C826A86DF600421227 /* LoginViewController.swift in Sources */,
				42EC860926B0630B00B375D1 /* ShowBasicInfoTableCell.swift in Sources */,
				42E996CB26AC83C200CD2B9A /* HomeViewController.swift in Sources */,
				4231D90526B7401A006DB234 /* Constant.swift in Sources */,
				42761DE826B1A96E000C8E49 /* ReviewsResponse.swift in Sources */,
				42E996C426AC554D00CD2B9A /* ShowsResponse.swift in Sources */,
				422095F926B8116E004A87A9 /* UIImageView+Kingfisher.swift in Sources */,
				42ED01AE26975F8D0054DFC1 /* AppDelegate.swift in Sources */,
				42EC861026B0942100B375D1 /* WriteAReviewViewController.swift in Sources */,
				42EC860D26B08C0D00B375D1 /* ShowReviewTableCell.swift in Sources */,
				42DB345A26B445AD00EC8588 /* AuthStorage.swift in Sources */,
				42F1398826A1E3B800FC119D /* UsersResponse.swift in Sources */,
				42E996C826AC6AD800CD2B9A /* AuthInfo.swift in Sources */,
				42EC860226B0591A00B375D1 /* ShowDetailsViewController.swift in Sources */,
			);
			runOnlyForDeploymentPostprocessing = 0;
		};
/* End PBXSourcesBuildPhase section */

/* Begin PBXVariantGroup section */
		42ED01B826975F8E0054DFC1 /* LaunchScreen.storyboard */ = {
			isa = PBXVariantGroup;
			children = (
				42ED01B926975F8E0054DFC1 /* Base */,
			);
			name = LaunchScreen.storyboard;
			sourceTree = "<group>";
		};
/* End PBXVariantGroup section */

/* Begin XCBuildConfiguration section */
		42ED01BC26975F8E0054DFC1 /* Debug */ = {
			isa = XCBuildConfiguration;
			buildSettings = {
				ALWAYS_SEARCH_USER_PATHS = NO;
				CLANG_ANALYZER_NONNULL = YES;
				CLANG_ANALYZER_NUMBER_OBJECT_CONVERSION = YES_AGGRESSIVE;
				CLANG_CXX_LANGUAGE_STANDARD = "gnu++14";
				CLANG_CXX_LIBRARY = "libc++";
				CLANG_ENABLE_MODULES = YES;
				CLANG_ENABLE_OBJC_ARC = YES;
				CLANG_ENABLE_OBJC_WEAK = YES;
				CLANG_WARN_BLOCK_CAPTURE_AUTORELEASING = YES;
				CLANG_WARN_BOOL_CONVERSION = YES;
				CLANG_WARN_COMMA = YES;
				CLANG_WARN_CONSTANT_CONVERSION = YES;
				CLANG_WARN_DEPRECATED_OBJC_IMPLEMENTATIONS = YES;
				CLANG_WARN_DIRECT_OBJC_ISA_USAGE = YES_ERROR;
				CLANG_WARN_DOCUMENTATION_COMMENTS = YES;
				CLANG_WARN_EMPTY_BODY = YES;
				CLANG_WARN_ENUM_CONVERSION = YES;
				CLANG_WARN_INFINITE_RECURSION = YES;
				CLANG_WARN_INT_CONVERSION = YES;
				CLANG_WARN_NON_LITERAL_NULL_CONVERSION = YES;
				CLANG_WARN_OBJC_IMPLICIT_RETAIN_SELF = YES;
				CLANG_WARN_OBJC_LITERAL_CONVERSION = YES;
				CLANG_WARN_OBJC_ROOT_CLASS = YES_ERROR;
				CLANG_WARN_QUOTED_INCLUDE_IN_FRAMEWORK_HEADER = YES;
				CLANG_WARN_RANGE_LOOP_ANALYSIS = YES;
				CLANG_WARN_STRICT_PROTOTYPES = YES;
				CLANG_WARN_SUSPICIOUS_MOVE = YES;
				CLANG_WARN_UNGUARDED_AVAILABILITY = YES_AGGRESSIVE;
				CLANG_WARN_UNREACHABLE_CODE = YES;
				CLANG_WARN__DUPLICATE_METHOD_MATCH = YES;
				COPY_PHASE_STRIP = NO;
				DEBUG_INFORMATION_FORMAT = dwarf;
				ENABLE_STRICT_OBJC_MSGSEND = YES;
				ENABLE_TESTABILITY = YES;
				GCC_C_LANGUAGE_STANDARD = gnu11;
				GCC_DYNAMIC_NO_PIC = NO;
				GCC_NO_COMMON_BLOCKS = YES;
				GCC_OPTIMIZATION_LEVEL = 0;
				GCC_PREPROCESSOR_DEFINITIONS = (
					"DEBUG=1",
					"$(inherited)",
				);
				GCC_WARN_64_TO_32_BIT_CONVERSION = YES;
				GCC_WARN_ABOUT_RETURN_TYPE = YES_ERROR;
				GCC_WARN_UNDECLARED_SELECTOR = YES;
				GCC_WARN_UNINITIALIZED_AUTOS = YES_AGGRESSIVE;
				GCC_WARN_UNUSED_FUNCTION = YES;
				GCC_WARN_UNUSED_VARIABLE = YES;
				IPHONEOS_DEPLOYMENT_TARGET = 12.1;
				MTL_ENABLE_DEBUG_INFO = INCLUDE_SOURCE;
				MTL_FAST_MATH = YES;
				ONLY_ACTIVE_ARCH = YES;
				SDKROOT = iphoneos;
				SWIFT_ACTIVE_COMPILATION_CONDITIONS = DEBUG;
				SWIFT_OPTIMIZATION_LEVEL = "-Onone";
			};
			name = Debug;
		};
		42ED01BD26975F8E0054DFC1 /* Release */ = {
			isa = XCBuildConfiguration;
			buildSettings = {
				ALWAYS_SEARCH_USER_PATHS = NO;
				CLANG_ANALYZER_NONNULL = YES;
				CLANG_ANALYZER_NUMBER_OBJECT_CONVERSION = YES_AGGRESSIVE;
				CLANG_CXX_LANGUAGE_STANDARD = "gnu++14";
				CLANG_CXX_LIBRARY = "libc++";
				CLANG_ENABLE_MODULES = YES;
				CLANG_ENABLE_OBJC_ARC = YES;
				CLANG_ENABLE_OBJC_WEAK = YES;
				CLANG_WARN_BLOCK_CAPTURE_AUTORELEASING = YES;
				CLANG_WARN_BOOL_CONVERSION = YES;
				CLANG_WARN_COMMA = YES;
				CLANG_WARN_CONSTANT_CONVERSION = YES;
				CLANG_WARN_DEPRECATED_OBJC_IMPLEMENTATIONS = YES;
				CLANG_WARN_DIRECT_OBJC_ISA_USAGE = YES_ERROR;
				CLANG_WARN_DOCUMENTATION_COMMENTS = YES;
				CLANG_WARN_EMPTY_BODY = YES;
				CLANG_WARN_ENUM_CONVERSION = YES;
				CLANG_WARN_INFINITE_RECURSION = YES;
				CLANG_WARN_INT_CONVERSION = YES;
				CLANG_WARN_NON_LITERAL_NULL_CONVERSION = YES;
				CLANG_WARN_OBJC_IMPLICIT_RETAIN_SELF = YES;
				CLANG_WARN_OBJC_LITERAL_CONVERSION = YES;
				CLANG_WARN_OBJC_ROOT_CLASS = YES_ERROR;
				CLANG_WARN_QUOTED_INCLUDE_IN_FRAMEWORK_HEADER = YES;
				CLANG_WARN_RANGE_LOOP_ANALYSIS = YES;
				CLANG_WARN_STRICT_PROTOTYPES = YES;
				CLANG_WARN_SUSPICIOUS_MOVE = YES;
				CLANG_WARN_UNGUARDED_AVAILABILITY = YES_AGGRESSIVE;
				CLANG_WARN_UNREACHABLE_CODE = YES;
				CLANG_WARN__DUPLICATE_METHOD_MATCH = YES;
				COPY_PHASE_STRIP = NO;
				DEBUG_INFORMATION_FORMAT = "dwarf-with-dsym";
				ENABLE_NS_ASSERTIONS = NO;
				ENABLE_STRICT_OBJC_MSGSEND = YES;
				GCC_C_LANGUAGE_STANDARD = gnu11;
				GCC_NO_COMMON_BLOCKS = YES;
				GCC_WARN_64_TO_32_BIT_CONVERSION = YES;
				GCC_WARN_ABOUT_RETURN_TYPE = YES_ERROR;
				GCC_WARN_UNDECLARED_SELECTOR = YES;
				GCC_WARN_UNINITIALIZED_AUTOS = YES_AGGRESSIVE;
				GCC_WARN_UNUSED_FUNCTION = YES;
				GCC_WARN_UNUSED_VARIABLE = YES;
				IPHONEOS_DEPLOYMENT_TARGET = 12.1;
				MTL_ENABLE_DEBUG_INFO = NO;
				MTL_FAST_MATH = YES;
				SDKROOT = iphoneos;
				SWIFT_COMPILATION_MODE = wholemodule;
				SWIFT_OPTIMIZATION_LEVEL = "-O";
				VALIDATE_PRODUCT = YES;
			};
			name = Release;
		};
		42ED01BF26975F8E0054DFC1 /* Debug */ = {
			isa = XCBuildConfiguration;
			baseConfigurationReference = FCDCEBAAC4868B76B85282C0 /* Pods-TV Shows.debug.xcconfig */;
			buildSettings = {
				ASSETCATALOG_COMPILER_APPICON_NAME = AppIcon;
				ASSETCATALOG_COMPILER_GLOBAL_ACCENT_COLOR_NAME = AccentColor;
				CODE_SIGN_STYLE = Automatic;
				INFOPLIST_FILE = "$(SRCROOT)/TV Shows/Supporting Files/Info.plist";
				IPHONEOS_DEPLOYMENT_TARGET = 12.1;
				LD_RUNPATH_SEARCH_PATHS = (
					"$(inherited)",
					"@executable_path/Frameworks",
				);
				PRODUCT_BUNDLE_IDENTIFIER = "com.infinum.domagojbiskup.TV-Shows";
				PRODUCT_NAME = "$(TARGET_NAME)";
				SWIFT_VERSION = 5.0;
				TARGETED_DEVICE_FAMILY = "1,2";
			};
			name = Debug;
		};
		42ED01C026975F8E0054DFC1 /* Release */ = {
			isa = XCBuildConfiguration;
			baseConfigurationReference = 9B2779FFA6AA5EAA99629414 /* Pods-TV Shows.release.xcconfig */;
			buildSettings = {
				ASSETCATALOG_COMPILER_APPICON_NAME = AppIcon;
				ASSETCATALOG_COMPILER_GLOBAL_ACCENT_COLOR_NAME = AccentColor;
				CODE_SIGN_STYLE = Automatic;
				INFOPLIST_FILE = "$(SRCROOT)/TV Shows/Supporting Files/Info.plist";
				IPHONEOS_DEPLOYMENT_TARGET = 12.1;
				LD_RUNPATH_SEARCH_PATHS = (
					"$(inherited)",
					"@executable_path/Frameworks",
				);
				PRODUCT_BUNDLE_IDENTIFIER = "com.infinum.domagojbiskup.TV-Shows";
				PRODUCT_NAME = "$(TARGET_NAME)";
				SWIFT_VERSION = 5.0;
				TARGETED_DEVICE_FAMILY = "1,2";
			};
			name = Release;
		};
/* End XCBuildConfiguration section */

/* Begin XCConfigurationList section */
		42ED01A526975F8D0054DFC1 /* Build configuration list for PBXProject "TV Shows" */ = {
			isa = XCConfigurationList;
			buildConfigurations = (
				42ED01BC26975F8E0054DFC1 /* Debug */,
				42ED01BD26975F8E0054DFC1 /* Release */,
			);
			defaultConfigurationIsVisible = 0;
			defaultConfigurationName = Release;
		};
		42ED01BE26975F8E0054DFC1 /* Build configuration list for PBXNativeTarget "TV Shows" */ = {
			isa = XCConfigurationList;
			buildConfigurations = (
				42ED01BF26975F8E0054DFC1 /* Debug */,
				42ED01C026975F8E0054DFC1 /* Release */,
			);
			defaultConfigurationIsVisible = 0;
			defaultConfigurationName = Release;
		};
/* End XCConfigurationList section */
	};
	rootObject = 42ED01A226975F8D0054DFC1 /* Project object */;
}
